
Microsoft Visual Studio Solution File, Format Version 12.00
# Visual Studio Version 16
VisualStudioVersion = 16.0.33027.164
MinimumVisualStudioVersion = 10.0.40219.1
Project("{FAE04EC0-301F-11D3-BF4B-00C04F79EFBC}") = "Calculator", "Calculator\Calculator.csproj", "{C49AFF67-C7AD-4652-8DB5-3847A662AF61}"
EndProject
Project("{FAE04EC0-301F-11D3-BF4B-00C04F79EFBC}") = "TestProject1", "TestProject1\TestProject1.csproj", "{DD3D3620-9305-4A2C-A867-D152B92DD41B}"
EndProject
Global
	GlobalSection(SolutionConfigurationPlatforms) = preSolution
		Debug|Any CPU = Debug|Any CPU
		Release|Any CPU = Release|Any CPU
	EndGlobalSection
	GlobalSection(ProjectConfigurationPlatforms) = postSolution
		{C49AFF67-C7AD-4652-8DB5-3847A662AF61}.Debug|Any CPU.ActiveCfg = Debug|Any CPU
		{C49AFF67-C7AD-4652-8DB5-3847A662AF61}.Debug|Any CPU.Build.0 = Debug|Any CPU
		{C49AFF67-C7AD-4652-8DB5-3847A662AF61}.Release|Any CPU.ActiveCfg = Release|Any CPU
		{C49AFF67-C7AD-4652-8DB5-3847A662AF61}.Release|Any CPU.Build.0 = Release|Any CPU
		{DD3D3620-9305-4A2C-A867-D152B92DD41B}.Debug|Any CPU.ActiveCfg = Debug|Any CPU
		{DD3D3620-9305-4A2C-A867-D152B92DD41B}.Debug|Any CPU.Build.0 = Debug|Any CPU
		{DD3D3620-9305-4A2C-A867-D152B92DD41B}.Release|Any CPU.ActiveCfg = Release|Any CPU
		{DD3D3620-9305-4A2C-A867-D152B92DD41B}.Release|Any CPU.Build.0 = Release|Any CPU
	EndGlobalSection
	GlobalSection(SolutionProperties) = preSolution
		HideSolutionNode = FALSE
	EndGlobalSection
	GlobalSection(ExtensibilityGlobals) = postSolution
		SolutionGuid = {102ACA67-7E60-4C94-9A92-8FF16219F44C}
	EndGlobalSection
EndGlobal
